
Microsoft Visual Studio Solution File, Format Version 12.00
# Visual Studio Version 16
VisualStudioVersion = 16.0.32106.194
MinimumVisualStudioVersion = 10.0.40219.1
Project("{FAE04EC0-301F-11D3-BF4B-00C04F79EFBC}") = "SeleniumTestUsingCore", "SeleniumTestUsingCore.csproj", "{ABEB3CB1-9D1B-4D24-AB45-F3DF397F7637}"
EndProject
Project("{FAE04EC0-301F-11D3-BF4B-00C04F79EFBC}") = "SeleniumTestProject", "..\SeleniumTestProject\SeleniumTestProject.csproj", "{4524B2AB-8D35-41A4-AFE9-7213A09C5D31}"
EndProject
Global
	GlobalSection(SolutionConfigurationPlatforms) = preSolution
		Debug|Any CPU = Debug|Any CPU
		Release|Any CPU = Release|Any CPU
	EndGlobalSection
	GlobalSection(ProjectConfigurationPlatforms) = postSolution
		{ABEB3CB1-9D1B-4D24-AB45-F3DF397F7637}.Debug|Any CPU.ActiveCfg = Debug|Any CPU
		{ABEB3CB1-9D1B-4D24-AB45-F3DF397F7637}.Debug|Any CPU.Build.0 = Debug|Any CPU
		{ABEB3CB1-9D1B-4D24-AB45-F3DF397F7637}.Release|Any CPU.ActiveCfg = Release|Any CPU
		{ABEB3CB1-9D1B-4D24-AB45-F3DF397F7637}.Release|Any CPU.Build.0 = Release|Any CPU
		{4524B2AB-8D35-41A4-AFE9-7213A09C5D31}.Debug|Any CPU.ActiveCfg = Debug|Any CPU
		{4524B2AB-8D35-41A4-AFE9-7213A09C5D31}.Debug|Any CPU.Build.0 = Debug|Any CPU
		{4524B2AB-8D35-41A4-AFE9-7213A09C5D31}.Release|Any CPU.ActiveCfg = Release|Any CPU
		{4524B2AB-8D35-41A4-AFE9-7213A09C5D31}.Release|Any CPU.Build.0 = Release|Any CPU
	EndGlobalSection
	GlobalSection(SolutionProperties) = preSolution
		HideSolutionNode = FALSE
	EndGlobalSection
	GlobalSection(ExtensibilityGlobals) = postSolution
		SolutionGuid = {E87F5C11-D8D9-479A-8D95-AA6989E4FA72}
	EndGlobalSection
EndGlobal
